# This file is autogenerated, do not edit; changes may be undone by the next 'dep ensure'.


[[projects]]
  branch = "master"
  name = "code.cloudfoundry.org/clock"
  packages = ["."]
  revision = "2269160ae1757f96bbb8c6475e6fa36c805e73e0"

[[projects]]
  name = "github.com/bmatcuk/doublestar"
  packages = ["."]
  revision = "b3608229437ba4dc33dae64d56a79a2a73f1f6b2"
  version = "v1.0.9"

[[projects]]
  branch = "master"
  name = "github.com/charlievieth/fs"
  packages = ["."]
  revision = "7dc373669fa10ddf827c37c595dee30a2f001be9"

[[projects]]
  name = "github.com/cheggaaa/pb"
  packages = ["."]
  revision = "c1f48d5ce4f292dfb775ef52aaedd15be323510d"

[[projects]]
  branch = "master"
  name = "github.com/cloudfoundry-incubator/cf-test-helpers"
  packages = ["cf","commandreporter","commandstarter","config","generator","helpers","helpers/internal","internal","workflowhelpers","workflowhelpers/internal"]
  revision = "820a007a30e27f0a63666254fc19d1198536eb33"

[[projects]]
  name = "github.com/cloudfoundry/bosh-cli"
  packages = ["director","ui","ui/fmt","ui/table"]
  revision = "3b55fdd7db13f2e37edb9bff41c4565994daa944"
  version = "v2.0.42"

[[projects]]
  branch = "master"
  name = "github.com/cloudfoundry/bosh-utils"
  packages = ["crypto","errors","httpclient","logger","retrystrategy","system","uuid"]
  revision = "a960ab178e64b43d19051be6fd2891ff695bb206"

[[projects]]
  branch = "master"
  name = "github.com/cppforlife/go-semi-semantic"
  packages = ["version"]
  revision = "576b6af77ae4f3ccef356902fb3b9a9ae22e0b11"

[[projects]]
  branch = "master"
  name = "github.com/dustin/go-humanize"
  packages = ["."]
  revision = "79e699ccd02f240a1f1fbbdcee7e64c1c12e41aa"

[[projects]]
  name = "github.com/fatih/color"
  packages = ["."]
  revision = "570b54cabe6b8eb0bc2dfce68d964677d63b5260"
  version = "v1.5.0"

[[projects]]
  name = "github.com/go-sql-driver/mysql"
  packages = ["."]
  revision = "a0583e0143b1624142adab07e0e97fe106d99561"
  version = "v1.3"

[[projects]]
  name = "github.com/mattn/go-colorable"
  packages = ["."]
  revision = "167de6bfdfba052fa6b2d3664c8f5272e23c9072"
  version = "v0.0.9"

[[projects]]
  name = "github.com/mattn/go-isatty"
  packages = ["."]
  revision = "0360b2af4f38e8d38c7fce2a9f4e702702d73a39"
  version = "v0.0.3"

[[projects]]
  branch = "master"
  name = "github.com/nu7hatch/gouuid"
  packages = ["."]
  revision = "179d4d0c4d8d407a32af483c2354df1d2c91e6c3"

[[projects]]
  name = "github.com/onsi/ginkgo"
  packages = [".","config","internal/codelocation","internal/containernode","internal/failer","internal/leafnodes","internal/remote","internal/spec","internal/spec_iterator","internal/specrunner","internal/suite","internal/testingtproxy","internal/writer","reporters","reporters/stenographer","reporters/stenographer/support/go-colorable","reporters/stenographer/support/go-isatty","types"]
  revision = "9eda700730cba42af70d53180f9dcce9266bc2bc"
  version = "v1.4.0"

[[projects]]
  name = "github.com/onsi/gomega"
  packages = [".","format","gbytes","gexec","internal/assertion","internal/asyncassertion","internal/oraclematcher","internal/testingtsupport","matchers","matchers/support/goraph/bipartitegraph","matchers/support/goraph/edge","matchers/support/goraph/node","matchers/support/goraph/util","types"]
  revision = "c893efa28eb45626cdaa76c9f653b62488858837"
  version = "v1.2.0"

[[projects]]
  branch = "master"
  name = "github.com/pivotal-cf/paraphernalia"
  packages = ["secure/tlsconfig"]
  revision = "e34e13867a42f12943d6d5448e90b294dc85601d"

[[projects]]
  name = "github.com/sclevine/agouti"
  packages = [".","api","api/internal/bus","api/internal/service","internal/element","internal/target","matchers","matchers/internal","matchers/internal/colorparser"]
  revision = "547867f76f1c76d9d5380db4bf27deedd12ec367"

[[projects]]
  branch = "master"
  name = "github.com/vito/go-interact"
  packages = ["interact","interact/terminal"]
  revision = "fa338ed9e9ecbb0e9c2e6c7a0160d9fc9b0efbd9"

[[projects]]
  branch = "master"
  name = "golang.org/x/crypto"
  packages = ["curve25519","ed25519","ed25519/internal/edwards25519","ssh","ssh/terminal"]
  revision = "9f005a07e0d31d45e6656d241bb5c0f2efd4bc94"

[[projects]]
  branch = "master"
  name = "golang.org/x/net"
  packages = ["html","html/atom","html/charset","proxy"]
  revision = "b3756b4b77d7b13260a0a2ec658753cf48922eac"

[[projects]]
  branch = "master"
  name = "golang.org/x/sys"
  packages = ["unix","windows"]
  revision = "bf42f188b9bc6f2cf5b8ee5a912ef1aedd0eba4c"

[[projects]]
  branch = "master"
  name = "golang.org/x/text"
  packages = ["encoding","encoding/charmap","encoding/htmlindex","encoding/internal","encoding/internal/identifier","encoding/japanese","encoding/korean","encoding/simplifiedchinese","encoding/traditionalchinese","encoding/unicode","internal/gen","internal/tag","internal/utf8internal","language","runes","transform","unicode/cldr"]
  revision = "836efe42bb4aa16aaa17b9c155d8813d336ed720"

[[projects]]
  branch = "v2"
  name = "gopkg.in/yaml.v2"
  packages = ["."]
  revision = "3b4ad1db5b2a649883ff3782f5f9f6fb52be71af"

[solve-meta]
  analyzer-name = "dep"
  analyzer-version = 1
  inputs-digest = "241a8a6b3548ea30990bcb5b570985b82a9e2c56221b58763e74e7a245130e8a"
  solver-name = "gps-cdcl"
  solver-version = 1
